// !$*UTF8*$!
{
	archiveVersion = 1;
	classes = {
	};
	objectVersion = 46;
	objects = {

/* Begin PBXBuildFile section */
		93CA753E1A30F00100FF3EC5 /* MoodDetailsController.swift in Sources */ = {isa = PBXBuildFile; fileRef = 93CA753D1A30F00100FF3EC5 /* MoodDetailsController.swift */; };
		93D0497C1A2FCA8200A199A5 /* AppDelegate.swift in Sources */ = {isa = PBXBuildFile; fileRef = 93D0497B1A2FCA8200A199A5 /* AppDelegate.swift */; };
		93D0497E1A2FCA8200A199A5 /* ViewController.swift in Sources */ = {isa = PBXBuildFile; fileRef = 93D0497D1A2FCA8200A199A5 /* ViewController.swift */; };
		93D049811A2FCA8200A199A5 /* Main.storyboard in Resources */ = {isa = PBXBuildFile; fileRef = 93D0497F1A2FCA8200A199A5 /* Main.storyboard */; };
		93D049831A2FCA8200A199A5 /* Images.xcassets in Resources */ = {isa = PBXBuildFile; fileRef = 93D049821A2FCA8200A199A5 /* Images.xcassets */; };
		93D049861A2FCA8200A199A5 /* LaunchScreen.xib in Resources */ = {isa = PBXBuildFile; fileRef = 93D049841A2FCA8200A199A5 /* LaunchScreen.xib */; };
		93D049921A2FCA8200A199A5 /* MoodTrackerTests.swift in Sources */ = {isa = PBXBuildFile; fileRef = 93D049911A2FCA8200A199A5 /* MoodTrackerTests.swift */; };
		93D049A21A2FCA9300A199A5 /* WatchKit.framework in Frameworks */ = {isa = PBXBuildFile; fileRef = 93D049A11A2FCA9300A199A5 /* WatchKit.framework */; };
		93D049A71A2FCA9300A199A5 /* InterfaceController.swift in Sources */ = {isa = PBXBuildFile; fileRef = 93D049A61A2FCA9300A199A5 /* InterfaceController.swift */; };
		93D049A91A2FCA9300A199A5 /* Images.xcassets in Resources */ = {isa = PBXBuildFile; fileRef = 93D049A81A2FCA9300A199A5 /* Images.xcassets */; };
		93D049AD1A2FCA9300A199A5 /* MoodTracker Watch App.app in Resources */ = {isa = PBXBuildFile; fileRef = 93D049AC1A2FCA9300A199A5 /* MoodTracker Watch App.app */; };
		93D049B41A2FCA9300A199A5 /* Interface.storyboard in Resources */ = {isa = PBXBuildFile; fileRef = 93D049B31A2FCA9300A199A5 /* Interface.storyboard */; };
		93D049B61A2FCA9300A199A5 /* Images.xcassets in Resources */ = {isa = PBXBuildFile; fileRef = 93D049B51A2FCA9300A199A5 /* Images.xcassets */; };
		93D049B91A2FCA9300A199A5 /* MoodTracker WatchKit Extension.appex in Embed App Extensions */ = {isa = PBXBuildFile; fileRef = 93D0499F1A2FCA9300A199A5 /* MoodTracker WatchKit Extension.appex */; settings = {ATTRIBUTES = (RemoveHeadersOnCopy, ); }; };
/* End PBXBuildFile section */

/* Begin PBXContainerItemProxy section */
		93D0498C1A2FCA8200A199A5 /* PBXContainerItemProxy */ = {
			isa = PBXContainerItemProxy;
			containerPortal = 93D0496E1A2FCA8200A199A5 /* Project object */;
			proxyType = 1;
			remoteGlobalIDString = 93D049751A2FCA8200A199A5;
			remoteInfo = MoodTracker;
		};
		93D049AE1A2FCA9300A199A5 /* PBXContainerItemProxy */ = {
			isa = PBXContainerItemProxy;
			containerPortal = 93D0496E1A2FCA8200A199A5 /* Project object */;
			proxyType = 1;
			remoteGlobalIDString = 93D049AB1A2FCA9300A199A5;
			remoteInfo = "MoodTracker Watch App";
		};
		93D049B71A2FCA9300A199A5 /* PBXContainerItemProxy */ = {
			isa = PBXContainerItemProxy;
			containerPortal = 93D0496E1A2FCA8200A199A5 /* Project object */;
			proxyType = 1;
			remoteGlobalIDString = 93D0499E1A2FCA9300A199A5;
			remoteInfo = "MoodTracker WatchKit Extension";
		};
/* End PBXContainerItemProxy section */

/* Begin PBXCopyFilesBuildPhase section */
		93D049C01A2FCA9300A199A5 /* Embed App Extensions */ = {
			isa = PBXCopyFilesBuildPhase;
			buildActionMask = 2147483647;
			dstPath = "";
			dstSubfolderSpec = 13;
			files = (
				93D049B91A2FCA9300A199A5 /* MoodTracker WatchKit Extension.appex in Embed App Extensions */,
			);
			name = "Embed App Extensions";
			runOnlyForDeploymentPostprocessing = 0;
		};
/* End PBXCopyFilesBuildPhase section */

/* Begin PBXFileReference section */
		93CA753D1A30F00100FF3EC5 /* MoodDetailsController.swift */ = {isa = PBXFileReference; fileEncoding = 4; lastKnownFileType = sourcecode.swift; path = MoodDetailsController.swift; sourceTree = "<group>"; };
		93D049761A2FCA8200A199A5 /* MoodTracker.app */ = {isa = PBXFileReference; explicitFileType = wrapper.application; includeInIndex = 0; path = MoodTracker.app; sourceTree = BUILT_PRODUCTS_DIR; };
		93D0497A1A2FCA8200A199A5 /* Info.plist */ = {isa = PBXFileReference; lastKnownFileType = text.plist.xml; path = Info.plist; sourceTree = "<group>"; };
		93D0497B1A2FCA8200A199A5 /* AppDelegate.swift */ = {isa = PBXFileReference; lastKnownFileType = sourcecode.swift; path = AppDelegate.swift; sourceTree = "<group>"; };
		93D0497D1A2FCA8200A199A5 /* ViewController.swift */ = {isa = PBXFileReference; lastKnownFileType = sourcecode.swift; path = ViewController.swift; sourceTree = "<group>"; };
		93D049801A2FCA8200A199A5 /* Base */ = {isa = PBXFileReference; lastKnownFileType = file.storyboard; name = Base; path = Base.lproj/Main.storyboard; sourceTree = "<group>"; };
		93D049821A2FCA8200A199A5 /* Images.xcassets */ = {isa = PBXFileReference; lastKnownFileType = folder.assetcatalog; path = Images.xcassets; sourceTree = "<group>"; };
		93D049851A2FCA8200A199A5 /* Base */ = {isa = PBXFileReference; lastKnownFileType = file.xib; name = Base; path = Base.lproj/LaunchScreen.xib; sourceTree = "<group>"; };
		93D0498B1A2FCA8200A199A5 /* MoodTrackerTests.xctest */ = {isa = PBXFileReference; explicitFileType = wrapper.cfbundle; includeInIndex = 0; path = MoodTrackerTests.xctest; sourceTree = BUILT_PRODUCTS_DIR; };
		93D049901A2FCA8200A199A5 /* Info.plist */ = {isa = PBXFileReference; lastKnownFileType = text.plist.xml; path = Info.plist; sourceTree = "<group>"; };
		93D049911A2FCA8200A199A5 /* MoodTrackerTests.swift */ = {isa = PBXFileReference; lastKnownFileType = sourcecode.swift; path = MoodTrackerTests.swift; sourceTree = "<group>"; };
		93D0499F1A2FCA9300A199A5 /* MoodTracker WatchKit Extension.appex */ = {isa = PBXFileReference; explicitFileType = "wrapper.app-extension"; includeInIndex = 0; path = "MoodTracker WatchKit Extension.appex"; sourceTree = BUILT_PRODUCTS_DIR; };
		93D049A11A2FCA9300A199A5 /* WatchKit.framework */ = {isa = PBXFileReference; lastKnownFileType = wrapper.framework; name = WatchKit.framework; path = System/Library/Frameworks/WatchKit.framework; sourceTree = SDKROOT; };
		93D049A51A2FCA9300A199A5 /* Info.plist */ = {isa = PBXFileReference; lastKnownFileType = text.plist.xml; path = Info.plist; sourceTree = "<group>"; };
		93D049A61A2FCA9300A199A5 /* InterfaceController.swift */ = {isa = PBXFileReference; lastKnownFileType = sourcecode.swift; path = InterfaceController.swift; sourceTree = "<group>"; };
		93D049A81A2FCA9300A199A5 /* Images.xcassets */ = {isa = PBXFileReference; lastKnownFileType = folder.assetcatalog; path = Images.xcassets; sourceTree = "<group>"; };
		93D049AC1A2FCA9300A199A5 /* MoodTracker Watch App.app */ = {isa = PBXFileReference; explicitFileType = wrapper.application; includeInIndex = 0; path = "MoodTracker Watch App.app"; sourceTree = BUILT_PRODUCTS_DIR; };
		93D049B21A2FCA9300A199A5 /* Info.plist */ = {isa = PBXFileReference; lastKnownFileType = text.plist.xml; path = Info.plist; sourceTree = "<group>"; };
		93D049B31A2FCA9300A199A5 /* Interface.storyboard */ = {isa = PBXFileReference; lastKnownFileType = file.storyboard; path = Interface.storyboard; sourceTree = "<group>"; };
		93D049B51A2FCA9300A199A5 /* Images.xcassets */ = {isa = PBXFileReference; lastKnownFileType = folder.assetcatalog; path = Images.xcassets; sourceTree = "<group>"; };
/* End PBXFileReference section */

/* Begin PBXFrameworksBuildPhase section */
		93D049731A2FCA8200A199A5 /* Frameworks */ = {
			isa = PBXFrameworksBuildPhase;
			buildActionMask = 2147483647;
			files = (
			);
			runOnlyForDeploymentPostprocessing = 0;
		};
		93D049881A2FCA8200A199A5 /* Frameworks */ = {
			isa = PBXFrameworksBuildPhase;
			buildActionMask = 2147483647;
			files = (
			);
			runOnlyForDeploymentPostprocessing = 0;
		};
		93D0499C1A2FCA9300A199A5 /* Frameworks */ = {
			isa = PBXFrameworksBuildPhase;
			buildActionMask = 2147483647;
			files = (
				93D049A21A2FCA9300A199A5 /* WatchKit.framework in Frameworks */,
			);
			runOnlyForDeploymentPostprocessing = 0;
		};
/* End PBXFrameworksBuildPhase section */

/* Begin PBXGroup section */
		93D0496D1A2FCA8200A199A5 = {
			isa = PBXGroup;
			children = (
				93D049781A2FCA8200A199A5 /* MoodTracker */,
				93D0498E1A2FCA8200A199A5 /* MoodTrackerTests */,
				93D049A31A2FCA9300A199A5 /* MoodTracker WatchKit Extension */,
				93D049B01A2FCA9300A199A5 /* MoodTracker Watch App */,
				93D049A01A2FCA9300A199A5 /* Frameworks */,
				93D049771A2FCA8200A199A5 /* Products */,
			);
			sourceTree = "<group>";
		};
		93D049771A2FCA8200A199A5 /* Products */ = {
			isa = PBXGroup;
			children = (
				93D049761A2FCA8200A199A5 /* MoodTracker.app */,
				93D0498B1A2FCA8200A199A5 /* MoodTrackerTests.xctest */,
				93D0499F1A2FCA9300A199A5 /* MoodTracker WatchKit Extension.appex */,
				93D049AC1A2FCA9300A199A5 /* MoodTracker Watch App.app */,
			);
			name = Products;
			sourceTree = "<group>";
		};
		93D049781A2FCA8200A199A5 /* MoodTracker */ = {
			isa = PBXGroup;
			children = (
				93D0497B1A2FCA8200A199A5 /* AppDelegate.swift */,
				93D0497D1A2FCA8200A199A5 /* ViewController.swift */,
				93D0497F1A2FCA8200A199A5 /* Main.storyboard */,
				93D049821A2FCA8200A199A5 /* Images.xcassets */,
				93D049841A2FCA8200A199A5 /* LaunchScreen.xib */,
				93D049791A2FCA8200A199A5 /* Supporting Files */,
			);
			path = MoodTracker;
			sourceTree = "<group>";
		};
		93D049791A2FCA8200A199A5 /* Supporting Files */ = {
			isa = PBXGroup;
			children = (
				93D0497A1A2FCA8200A199A5 /* Info.plist */,
			);
			name = "Supporting Files";
			sourceTree = "<group>";
		};
		93D0498E1A2FCA8200A199A5 /* MoodTrackerTests */ = {
			isa = PBXGroup;
			children = (
				93D049911A2FCA8200A199A5 /* MoodTrackerTests.swift */,
				93D0498F1A2FCA8200A199A5 /* Supporting Files */,
			);
			path = MoodTrackerTests;
			sourceTree = "<group>";
		};
		93D0498F1A2FCA8200A199A5 /* Supporting Files */ = {
			isa = PBXGroup;
			children = (
				93D049901A2FCA8200A199A5 /* Info.plist */,
			);
			name = "Supporting Files";
			sourceTree = "<group>";
		};
		93D049A01A2FCA9300A199A5 /* Frameworks */ = {
			isa = PBXGroup;
			children = (
				93D049A11A2FCA9300A199A5 /* WatchKit.framework */,
			);
			name = Frameworks;
			sourceTree = "<group>";
		};
		93D049A31A2FCA9300A199A5 /* MoodTracker WatchKit Extension */ = {
			isa = PBXGroup;
			children = (
				93D049A61A2FCA9300A199A5 /* InterfaceController.swift */,
				93CA753D1A30F00100FF3EC5 /* MoodDetailsController.swift */,
				93D049A81A2FCA9300A199A5 /* Images.xcassets */,
				93D049A41A2FCA9300A199A5 /* Supporting Files */,
			);
			path = "MoodTracker WatchKit Extension";
			sourceTree = "<group>";
		};
		93D049A41A2FCA9300A199A5 /* Supporting Files */ = {
			isa = PBXGroup;
			children = (
				93D049A51A2FCA9300A199A5 /* Info.plist */,
			);
			name = "Supporting Files";
			sourceTree = "<group>";
		};
		93D049B01A2FCA9300A199A5 /* MoodTracker Watch App */ = {
			isa = PBXGroup;
			children = (
				93D049B31A2FCA9300A199A5 /* Interface.storyboard */,
				93D049B51A2FCA9300A199A5 /* Images.xcassets */,
				93D049B11A2FCA9300A199A5 /* Supporting Files */,
			);
			path = "MoodTracker Watch App";
			sourceTree = "<group>";
		};
		93D049B11A2FCA9300A199A5 /* Supporting Files */ = {
			isa = PBXGroup;
			children = (
				93D049B21A2FCA9300A199A5 /* Info.plist */,
			);
			name = "Supporting Files";
			sourceTree = "<group>";
		};
/* End PBXGroup section */

/* Begin PBXNativeTarget section */
		93D049751A2FCA8200A199A5 /* MoodTracker */ = {
			isa = PBXNativeTarget;
			buildConfigurationList = 93D049951A2FCA8200A199A5 /* Build configuration list for PBXNativeTarget "MoodTracker" */;
			buildPhases = (
				93D049721A2FCA8200A199A5 /* Sources */,
				93D049731A2FCA8200A199A5 /* Frameworks */,
				93D049741A2FCA8200A199A5 /* Resources */,
				93D049C01A2FCA9300A199A5 /* Embed App Extensions */,
			);
			buildRules = (
			);
			dependencies = (
				93D049B81A2FCA9300A199A5 /* PBXTargetDependency */,
			);
			name = MoodTracker;
			productName = MoodTracker;
			productReference = 93D049761A2FCA8200A199A5 /* MoodTracker.app */;
			productType = "com.apple.product-type.application";
		};
		93D0498A1A2FCA8200A199A5 /* MoodTrackerTests */ = {
			isa = PBXNativeTarget;
			buildConfigurationList = 93D049981A2FCA8200A199A5 /* Build configuration list for PBXNativeTarget "MoodTrackerTests" */;
			buildPhases = (
				93D049871A2FCA8200A199A5 /* Sources */,
				93D049881A2FCA8200A199A5 /* Frameworks */,
				93D049891A2FCA8200A199A5 /* Resources */,
			);
			buildRules = (
			);
			dependencies = (
				93D0498D1A2FCA8200A199A5 /* PBXTargetDependency */,
			);
			name = MoodTrackerTests;
			productName = MoodTrackerTests;
			productReference = 93D0498B1A2FCA8200A199A5 /* MoodTrackerTests.xctest */;
			productType = "com.apple.product-type.bundle.unit-test";
		};
		93D0499E1A2FCA9300A199A5 /* MoodTracker WatchKit Extension */ = {
			isa = PBXNativeTarget;
			buildConfigurationList = 93D049BD1A2FCA9300A199A5 /* Build configuration list for PBXNativeTarget "MoodTracker WatchKit Extension" */;
			buildPhases = (
				93D0499B1A2FCA9300A199A5 /* Sources */,
				93D0499C1A2FCA9300A199A5 /* Frameworks */,
				93D0499D1A2FCA9300A199A5 /* Resources */,
			);
			buildRules = (
			);
			dependencies = (
				93D049AF1A2FCA9300A199A5 /* PBXTargetDependency */,
			);
			name = "MoodTracker WatchKit Extension";
			productName = "MoodTracker WatchKit Extension";
			productReference = 93D0499F1A2FCA9300A199A5 /* MoodTracker WatchKit Extension.appex */;
			productType = "com.apple.product-type.watchkit-extension";
		};
		93D049AB1A2FCA9300A199A5 /* MoodTracker Watch App */ = {
			isa = PBXNativeTarget;
			buildConfigurationList = 93D049BA1A2FCA9300A199A5 /* Build configuration list for PBXNativeTarget "MoodTracker Watch App" */;
			buildPhases = (
				93D049AA1A2FCA9300A199A5 /* Resources */,
			);
			buildRules = (
			);
			dependencies = (
			);
			name = "MoodTracker Watch App";
			productName = "MoodTracker Watch App";
			productReference = 93D049AC1A2FCA9300A199A5 /* MoodTracker Watch App.app */;
			productType = "com.apple.product-type.application.watchapp";
		};
/* End PBXNativeTarget section */

/* Begin PBXProject section */
		93D0496E1A2FCA8200A199A5 /* Project object */ = {
			isa = PBXProject;
			attributes = {
				LastUpgradeCheck = 0620;
				ORGANIZATIONNAME = vik;
				TargetAttributes = {
					93D049751A2FCA8200A199A5 = {
						CreatedOnToolsVersion = 6.2;
					};
					93D0498A1A2FCA8200A199A5 = {
						CreatedOnToolsVersion = 6.2;
						TestTargetID = 93D049751A2FCA8200A199A5;
					};
					93D0499E1A2FCA9300A199A5 = {
						CreatedOnToolsVersion = 6.2;
					};
					93D049AB1A2FCA9300A199A5 = {
						CreatedOnToolsVersion = 6.2;
					};
				};
			};
			buildConfigurationList = 93D049711A2FCA8200A199A5 /* Build configuration list for PBXProject "MoodTracker" */;
			compatibilityVersion = "Xcode 3.2";
			developmentRegion = English;
			hasScannedForEncodings = 0;
			knownRegions = (
				en,
				Base,
			);
			mainGroup = 93D0496D1A2FCA8200A199A5;
			productRefGroup = 93D049771A2FCA8200A199A5 /* Products */;
			projectDirPath = "";
			projectRoot = "";
			targets = (
				93D049751A2FCA8200A199A5 /* MoodTracker */,
				93D0498A1A2FCA8200A199A5 /* MoodTrackerTests */,
				93D0499E1A2FCA9300A199A5 /* MoodTracker WatchKit Extension */,
				93D049AB1A2FCA9300A199A5 /* MoodTracker Watch App */,
			);
		};
/* End PBXProject section */

/* Begin PBXResourcesBuildPhase section */
		93D049741A2FCA8200A199A5 /* Resources */ = {
			isa = PBXResourcesBuildPhase;
			buildActionMask = 2147483647;
			files = (
				93D049811A2FCA8200A199A5 /* Main.storyboard in Resources */,
				93D049861A2FCA8200A199A5 /* LaunchScreen.xib in Resources */,
				93D049831A2FCA8200A199A5 /* Images.xcassets in Resources */,
			);
			runOnlyForDeploymentPostprocessing = 0;
		};
		93D049891A2FCA8200A199A5 /* Resources */ = {
			isa = PBXResourcesBuildPhase;
			buildActionMask = 2147483647;
			files = (
			);
			runOnlyForDeploymentPostprocessing = 0;
		};
		93D0499D1A2FCA9300A199A5 /* Resources */ = {
			isa = PBXResourcesBuildPhase;
			buildActionMask = 2147483647;
			files = (
				93D049A91A2FCA9300A199A5 /* Images.xcassets in Resources */,
				93D049AD1A2FCA9300A199A5 /* MoodTracker Watch App.app in Resources */,
			);
			runOnlyForDeploymentPostprocessing = 0;
		};
		93D049AA1A2FCA9300A199A5 /* Resources */ = {
			isa = PBXResourcesBuildPhase;
			buildActionMask = 2147483647;
			files = (
				93D049B41A2FCA9300A199A5 /* Interface.storyboard in Resources */,
				93D049B61A2FCA9300A199A5 /* Images.xcassets in Resources */,
			);
			runOnlyForDeploymentPostprocessing = 0;
		};
/* End PBXResourcesBuildPhase section */

/* Begin PBXSourcesBuildPhase section */
		93D049721A2FCA8200A199A5 /* Sources */ = {
			isa = PBXSourcesBuildPhase;
			buildActionMask = 2147483647;
			files = (
				93D0497E1A2FCA8200A199A5 /* ViewController.swift in Sources */,
				93D0497C1A2FCA8200A199A5 /* AppDelegate.swift in Sources */,
			);
			runOnlyForDeploymentPostprocessing = 0;
		};
		93D049871A2FCA8200A199A5 /* Sources */ = {
			isa = PBXSourcesBuildPhase;
			buildActionMask = 2147483647;
			files = (
				93D049921A2FCA8200A199A5 /* MoodTrackerTests.swift in Sources */,
			);
			runOnlyForDeploymentPostprocessing = 0;
		};
		93D0499B1A2FCA9300A199A5 /* Sources */ = {
			isa = PBXSourcesBuildPhase;
			buildActionMask = 2147483647;
			files = (
				93D049A71A2FCA9300A199A5 /* InterfaceController.swift in Sources */,
				93CA753E1A30F00100FF3EC5 /* MoodDetailsController.swift in Sources */,
			);
			runOnlyForDeploymentPostprocessing = 0;
		};
/* End PBXSourcesBuildPhase section */

/* Begin PBXTargetDependency section */
		93D0498D1A2FCA8200A199A5 /* PBXTargetDependency */ = {
			isa = PBXTargetDependency;
			target = 93D049751A2FCA8200A199A5 /* MoodTracker */;
			targetProxy = 93D0498C1A2FCA8200A199A5 /* PBXContainerItemProxy */;
		};
		93D049AF1A2FCA9300A199A5 /* PBXTargetDependency */ = {
			isa = PBXTargetDependency;
			target = 93D049AB1A2FCA9300A199A5 /* MoodTracker Watch App */;
			targetProxy = 93D049AE1A2FCA9300A199A5 /* PBXContainerItemProxy */;
		};
		93D049B81A2FCA9300A199A5 /* PBXTargetDependency */ = {
			isa = PBXTargetDependency;
			target = 93D0499E1A2FCA9300A199A5 /* MoodTracker WatchKit Extension */;
			targetProxy = 93D049B71A2FCA9300A199A5 /* PBXContainerItemProxy */;
		};
/* End PBXTargetDependency section */

/* Begin PBXVariantGroup section */
		93D0497F1A2FCA8200A199A5 /* Main.storyboard */ = {
			isa = PBXVariantGroup;
			children = (
				93D049801A2FCA8200A199A5 /* Base */,
			);
			name = Main.storyboard;
			sourceTree = "<group>";
		};
		93D049841A2FCA8200A199A5 /* LaunchScreen.xib */ = {
			isa = PBXVariantGroup;
			children = (
				93D049851A2FCA8200A199A5 /* Base */,
			);
			name = LaunchScreen.xib;
			sourceTree = "<group>";
		};
/* End PBXVariantGroup section */

/* Begin XCBuildConfiguration section */
		93D049931A2FCA8200A199A5 /* Debug */ = {
			isa = XCBuildConfiguration;
			buildSettings = {
				ALWAYS_SEARCH_USER_PATHS = NO;
				CLANG_CXX_LANGUAGE_STANDARD = "gnu++0x";
				CLANG_CXX_LIBRARY = "libc++";
				CLANG_ENABLE_MODULES = YES;
				CLANG_ENABLE_OBJC_ARC = YES;
				CLANG_WARN_BOOL_CONVERSION = YES;
				CLANG_WARN_CONSTANT_CONVERSION = YES;
				CLANG_WARN_DIRECT_OBJC_ISA_USAGE = YES_ERROR;
				CLANG_WARN_EMPTY_BODY = YES;
				CLANG_WARN_ENUM_CONVERSION = YES;
				CLANG_WARN_INT_CONVERSION = YES;
				CLANG_WARN_OBJC_ROOT_CLASS = YES_ERROR;
				CLANG_WARN_UNREACHABLE_CODE = YES;
				CLANG_WARN__DUPLICATE_METHOD_MATCH = YES;
				"CODE_SIGN_IDENTITY[sdk=iphoneos*]" = "iPhone Developer";
				COPY_PHASE_STRIP = NO;
				ENABLE_STRICT_OBJC_MSGSEND = YES;
				GCC_C_LANGUAGE_STANDARD = gnu99;
				GCC_DYNAMIC_NO_PIC = NO;
				GCC_OPTIMIZATION_LEVEL = 0;
				GCC_PREPROCESSOR_DEFINITIONS = (
					"DEBUG=1",
					"$(inherited)",
				);
				GCC_SYMBOLS_PRIVATE_EXTERN = NO;
				GCC_WARN_64_TO_32_BIT_CONVERSION = YES;
				GCC_WARN_ABOUT_RETURN_TYPE = YES_ERROR;
				GCC_WARN_UNDECLARED_SELECTOR = YES;
				GCC_WARN_UNINITIALIZED_AUTOS = YES_AGGRESSIVE;
				GCC_WARN_UNUSED_FUNCTION = YES;
				GCC_WARN_UNUSED_VARIABLE = YES;
				IPHONEOS_DEPLOYMENT_TARGET = 8.2;
				MTL_ENABLE_DEBUG_INFO = YES;
				ONLY_ACTIVE_ARCH = YES;
				SDKROOT = iphoneos;
				SWIFT_OPTIMIZATION_LEVEL = "-Onone";
			};
			name = Debug;
		};
		93D049941A2FCA8200A199A5 /* Release */ = {
			isa = XCBuildConfiguration;
			buildSettings = {
				ALWAYS_SEARCH_USER_PATHS = NO;
				CLANG_CXX_LANGUAGE_STANDARD = "gnu++0x";
				CLANG_CXX_LIBRARY = "libc++";
				CLANG_ENABLE_MODULES = YES;
				CLANG_ENABLE_OBJC_ARC = YES;
				CLANG_WARN_BOOL_CONVERSION = YES;
				CLANG_WARN_CONSTANT_CONVERSION = YES;
				CLANG_WARN_DIRECT_OBJC_ISA_USAGE = YES_ERROR;
				CLANG_WARN_EMPTY_BODY = YES;
				CLANG_WARN_ENUM_CONVERSION = YES;
				CLANG_WARN_INT_CONVERSION = YES;
				CLANG_WARN_OBJC_ROOT_CLASS = YES_ERROR;
				CLANG_WARN_UNREACHABLE_CODE = YES;
				CLANG_WARN__DUPLICATE_METHOD_MATCH = YES;
				"CODE_SIGN_IDENTITY[sdk=iphoneos*]" = "iPhone Developer";
				COPY_PHASE_STRIP = YES;
				ENABLE_NS_ASSERTIONS = NO;
				ENABLE_STRICT_OBJC_MSGSEND = YES;
				GCC_C_LANGUAGE_STANDARD = gnu99;
				GCC_WARN_64_TO_32_BIT_CONVERSION = YES;
				GCC_WARN_ABOUT_RETURN_TYPE = YES_ERROR;
				GCC_WARN_UNDECLARED_SELECTOR = YES;
				GCC_WARN_UNINITIALIZED_AUTOS = YES_AGGRESSIVE;
				GCC_WARN_UNUSED_FUNCTION = YES;
				GCC_WARN_UNUSED_VARIABLE = YES;
				IPHONEOS_DEPLOYMENT_TARGET = 8.2;
				MTL_ENABLE_DEBUG_INFO = NO;
				SDKROOT = iphoneos;
				VALIDATE_PRODUCT = YES;
			};
			name = Release;
		};
		93D049961A2FCA8200A199A5 /* Debug */ = {
			isa = XCBuildConfiguration;
			buildSettings = {
				ASSETCATALOG_COMPILER_APPICON_NAME = AppIcon;
				EMBEDDED_CONTENT_CONTAINS_SWIFT = YES;
				INFOPLIST_FILE = MoodTracker/Info.plist;
				LD_RUNPATH_SEARCH_PATHS = "$(inherited) @executable_path/Frameworks";
				PRODUCT_NAME = "$(TARGET_NAME)";
			};
			name = Debug;
		};
		93D049971A2FCA8200A199A5 /* Release */ = {
			isa = XCBuildConfiguration;
			buildSettings = {
				ASSETCATALOG_COMPILER_APPICON_NAME = AppIcon;
				EMBEDDED_CONTENT_CONTAINS_SWIFT = YES;
				INFOPLIST_FILE = MoodTracker/Info.plist;
				LD_RUNPATH_SEARCH_PATHS = "$(inherited) @executable_path/Frameworks";
				PRODUCT_NAME = "$(TARGET_NAME)";
			};
			name = Release;
		};
		93D049991A2FCA8200A199A5 /* Debug */ = {
			isa = XCBuildConfiguration;
			buildSettings = {
				BUNDLE_LOADER = "$(TEST_HOST)";
				FRAMEWORK_SEARCH_PATHS = (
					"$(SDKROOT)/Developer/Library/Frameworks",
					"$(inherited)",
				);
				GCC_PREPROCESSOR_DEFINITIONS = (
					"DEBUG=1",
					"$(inherited)",
				);
				INFOPLIST_FILE = MoodTrackerTests/Info.plist;
				LD_RUNPATH_SEARCH_PATHS = "$(inherited) @executable_path/Frameworks @loader_path/Frameworks";
				PRODUCT_NAME = "$(TARGET_NAME)";
				TEST_HOST = "$(BUILT_PRODUCTS_DIR)/MoodTracker.app/MoodTracker";
			};
			name = Debug;
		};
		93D0499A1A2FCA8200A199A5 /* Release */ = {
			isa = XCBuildConfiguration;
			buildSettings = {
				BUNDLE_LOADER = "$(TEST_HOST)";
				FRAMEWORK_SEARCH_PATHS = (
					"$(SDKROOT)/Developer/Library/Frameworks",
					"$(inherited)",
				);
				INFOPLIST_FILE = MoodTrackerTests/Info.plist;
				LD_RUNPATH_SEARCH_PATHS = "$(inherited) @executable_path/Frameworks @loader_path/Frameworks";
				PRODUCT_NAME = "$(TARGET_NAME)";
				TEST_HOST = "$(BUILT_PRODUCTS_DIR)/MoodTracker.app/MoodTracker";
			};
			name = Release;
		};
		93D049BB1A2FCA9300A199A5 /* Debug */ = {
			isa = XCBuildConfiguration;
			buildSettings = {
				ASSETCATALOG_COMPILER_APPICON_NAME = AppIcon;
				ASSETCATALOG_COMPILER_LAUNCHIMAGE_NAME = LaunchImage;
				GCC_PREPROCESSOR_DEFINITIONS = (
					"DEBUG=1",
					"$(inherited)",
				);
				IBSC_MODULE = MoodTracker_WatchKit_Extension;
				INFOPLIST_FILE = "MoodTracker Watch App/Info.plist";
				PRODUCT_NAME = "$(TARGET_NAME)";
				SKIP_INSTALL = YES;
				TARGETED_DEVICE_FAMILY = 4;
				"TARGETED_DEVICE_FAMILY[sdk=iphonesimulator*]" = "1,4";
			};
			name = Debug;
		};
		93D049BC1A2FCA9300A199A5 /* Release */ = {
			isa = XCBuildConfiguration;
			buildSettings = {
				ASSETCATALOG_COMPILER_APPICON_NAME = AppIcon;
				ASSETCATALOG_COMPILER_LAUNCHIMAGE_NAME = LaunchImage;
				IBSC_MODULE = MoodTracker_WatchKit_Extension;
				INFOPLIST_FILE = "MoodTracker Watch App/Info.plist";
				PRODUCT_NAME = "$(TARGET_NAME)";
				SKIP_INSTALL = YES;
				TARGETED_DEVICE_FAMILY = 4;
				"TARGETED_DEVICE_FAMILY[sdk=iphonesimulator*]" = "1,4";
			};
			name = Release;
		};
		93D049BE1A2FCA9300A199A5 /* Debug */ = {
			isa = XCBuildConfiguration;
			buildSettings = {
				GCC_PREPROCESSOR_DEFINITIONS = (
					"DEBUG=1",
					"$(inherited)",
				);
				INFOPLIST_FILE = "MoodTracker WatchKit Extension/Info.plist";
				LD_RUNPATH_SEARCH_PATHS = "$(inherited) @executable_path/Frameworks @executable_path/../../Frameworks";
				PRODUCT_NAME = "${TARGET_NAME}";
				SKIP_INSTALL = YES;
			};
			name = Debug;
		};
		93D049BF1A2FCA9300A199A5 /* Release */ = {
			isa = XCBuildConfiguration;
			buildSettings = {
				INFOPLIST_FILE = "MoodTracker WatchKit Extension/Info.plist";
				LD_RUNPATH_SEARCH_PATHS = "$(inherited) @executable_path/Frameworks @executable_path/../../Frameworks";
				PRODUCT_NAME = "${TARGET_NAME}";
				SKIP_INSTALL = YES;
			};
			name = Release;
		};
/* End XCBuildConfiguration section */

/* Begin XCConfigurationList section */
		93D049711A2FCA8200A199A5 /* Build configuration list for PBXProject "MoodTracker" */ = {
			isa = XCConfigurationList;
			buildConfigurations = (
				93D049931A2FCA8200A199A5 /* Debug */,
				93D049941A2FCA8200A199A5 /* Release */,
			);
			defaultConfigurationIsVisible = 0;
			defaultConfigurationName = Release;
		};
		93D049951A2FCA8200A199A5 /* Build configuration list for PBXNativeTarget "MoodTracker" */ = {
			isa = XCConfigurationList;
			buildConfigurations = (
				93D049961A2FCA8200A199A5 /* Debug */,
				93D049971A2FCA8200A199A5 /* Release */,
			);
			defaultConfigurationIsVisible = 0;
			defaultConfigurationName = Release;
		};
		93D049981A2FCA8200A199A5 /* Build configuration list for PBXNativeTarget "MoodTrackerTests" */ = {
			isa = XCConfigurationList;
			buildConfigurations = (
				93D049991A2FCA8200A199A5 /* Debug */,
				93D0499A1A2FCA8200A199A5 /* Release */,
			);
			defaultConfigurationIsVisible = 0;
			defaultConfigurationName = Release;
		};
		93D049BA1A2FCA9300A199A5 /* Build configuration list for PBXNativeTarget "MoodTracker Watch App" */ = {
			isa = XCConfigurationList;
			buildConfigurations = (
				93D049BB1A2FCA9300A199A5 /* Debug */,
				93D049BC1A2FCA9300A199A5 /* Release */,
			);
			defaultConfigurationIsVisible = 0;
			defaultConfigurationName = Release;
		};
		93D049BD1A2FCA9300A199A5 /* Build configuration list for PBXNativeTarget "MoodTracker WatchKit Extension" */ = {
			isa = XCConfigurationList;
			buildConfigurations = (
				93D049BE1A2FCA9300A199A5 /* Debug */,
				93D049BF1A2FCA9300A199A5 /* Release */,
			);
			defaultConfigurationIsVisible = 0;
			defaultConfigurationName = Release;
		};
/* End XCConfigurationList section */
	};
	rootObject = 93D0496E1A2FCA8200A199A5 /* Project object */;
}
